
Microsoft Visual Studio Solution File, Format Version 11.00
# Visual Studio 2010
# SharpDevelop 4.4
Project("{2150E333-8FDC-42A3-9474-1A3956D46DE8}") = "Solution Items", "Solution Items", "{B53C4B1A-94D6-46E7-B39B-889D8FED923A}"
	ProjectSection(SolutionItems) = postProject
	EndProjectSection
EndProject
Project("{FAE04EC0-301F-11D3-BF4B-00C04F79EFBC}") = "Sq1.Core", "Sq1.Core\Sq1.Core.csproj", "{DA6545DA-0BA2-4689-8C6F-78C09E2F83D5}"
EndProject
Project("{FAE04EC0-301F-11D3-BF4B-00C04F79EFBC}") = "Sq1.Widgets", "Sq1.Gui.Widgets\Sq1.Widgets.csproj", "{E4E3D133-E335-4437-B85E-89D6738B3FA2}"
EndProject
Project("{FAE04EC0-301F-11D3-BF4B-00C04F79EFBC}") = "Sq1.Gui", "Sq1.Gui\Sq1.Gui.csproj", "{B7859AC7-B11D-45A9-AF18-BE0069C17527}"
EndProject
Project("{FAE04EC0-301F-11D3-BF4B-00C04F79EFBC}") = "ObjectListView2010", "ObjectListView_260-src\ObjectListView2010.csproj", "{18FEDA0C-D147-4286-B39A-01204808106A}"
EndProject
Project("{FAE04EC0-301F-11D3-BF4B-00C04F79EFBC}") = "WinFormsUI", "dockpanelsuite290-master\WinFormsUI\WinFormsUI.csproj", "{E580A3F0-6BED-4649-A159-58998CC077F3}"
EndProject
Project("{FAE04EC0-301F-11D3-BF4B-00C04F79EFBC}") = "DigitalRune.Windows.TextEditor", "DigitalRune-TextEditor-1.3.1\DigitalRune.Windows.TextEditor\DigitalRune.Windows.TextEditor.csproj", "{2D18BE89-D210-49EB-A9DD-2246FBB3DF6D}"
EndProject
Project("{FAE04EC0-301F-11D3-BF4B-00C04F79EFBC}") = "Sq1.Reporters", "Sq1.Reporters\Sq1.Reporters.csproj", "{C4C13969-293D-4DD9-82BB-6A8ACA9D714E}"
EndProject
Project("{FAE04EC0-301F-11D3-BF4B-00C04F79EFBC}") = "Sq1.Strategies.Demo", "Sq1.Strategies\Sq1.Strategies.Demo.csproj", "{B1D67537-8C2C-4DE2-8978-D28D1B86FD2C}"
EndProject
Project("{FAE04EC0-301F-11D3-BF4B-00C04F79EFBC}") = "CsvHelper35", "CsvHelper261-master\src\CsvHelper35\CsvHelper35.csproj", "{82541DA4-EE4A-4078-BF05-63B48A8AA51E}"
EndProject
Project("{FAE04EC0-301F-11D3-BF4B-00C04F79EFBC}") = "Sq1.Charting", "Sq1.Charting\Sq1.Charting.csproj", "{5F3ADF2A-7480-4C2B-919A-ABC017B66CFC}"
EndProject
Project("{FAE04EC0-301F-11D3-BF4B-00C04F79EFBC}") = "Newtonsoft.Json.Net20", "Json45r11\Newtonsoft.Json\Newtonsoft.Json.Net20.csproj", "{A9AE40FF-1A21-414A-9FE7-3BE13644CC6D}"
EndProject
Global
	GlobalSection(SolutionConfigurationPlatforms) = preSolution
		Debug|Any CPU = Debug|Any CPU
		Debug|Mixed Platforms = Debug|Mixed Platforms
		Debug|x86 = Debug|x86
		Release|Any CPU = Release|Any CPU
		Release|Mixed Platforms = Release|Mixed Platforms
		Release|x86 = Release|x86
	EndGlobalSection
	GlobalSection(ProjectConfigurationPlatforms) = postSolution
		{DA6545DA-0BA2-4689-8C6F-78C09E2F83D5}.Debug|Any CPU.ActiveCfg = Debug|Any CPU
		{DA6545DA-0BA2-4689-8C6F-78C09E2F83D5}.Debug|Any CPU.Build.0 = Debug|Any CPU
		{DA6545DA-0BA2-4689-8C6F-78C09E2F83D5}.Debug|Mixed Platforms.ActiveCfg = Debug|Any CPU
		{DA6545DA-0BA2-4689-8C6F-78C09E2F83D5}.Debug|Mixed Platforms.Build.0 = Debug|Any CPU
		{DA6545DA-0BA2-4689-8C6F-78C09E2F83D5}.Debug|x86.ActiveCfg = Debug|Any CPU
		{DA6545DA-0BA2-4689-8C6F-78C09E2F83D5}.Release|Any CPU.ActiveCfg = Release|Any CPU
		{DA6545DA-0BA2-4689-8C6F-78C09E2F83D5}.Release|Any CPU.Build.0 = Release|Any CPU
		{DA6545DA-0BA2-4689-8C6F-78C09E2F83D5}.Release|Mixed Platforms.ActiveCfg = Release|Any CPU
		{DA6545DA-0BA2-4689-8C6F-78C09E2F83D5}.Release|Mixed Platforms.Build.0 = Release|Any CPU
		{DA6545DA-0BA2-4689-8C6F-78C09E2F83D5}.Release|x86.ActiveCfg = Release|Any CPU
		{E4E3D133-E335-4437-B85E-89D6738B3FA2}.Debug|Any CPU.ActiveCfg = Debug|Any CPU
		{E4E3D133-E335-4437-B85E-89D6738B3FA2}.Debug|Any CPU.Build.0 = Debug|Any CPU
		{E4E3D133-E335-4437-B85E-89D6738B3FA2}.Debug|Mixed Platforms.ActiveCfg = Debug|Any CPU
		{E4E3D133-E335-4437-B85E-89D6738B3FA2}.Debug|Mixed Platforms.Build.0 = Debug|Any CPU
		{E4E3D133-E335-4437-B85E-89D6738B3FA2}.Debug|x86.ActiveCfg = Debug|Any CPU
		{E4E3D133-E335-4437-B85E-89D6738B3FA2}.Release|Any CPU.ActiveCfg = Release|Any CPU
		{E4E3D133-E335-4437-B85E-89D6738B3FA2}.Release|Any CPU.Build.0 = Release|Any CPU
		{E4E3D133-E335-4437-B85E-89D6738B3FA2}.Release|Mixed Platforms.ActiveCfg = Release|Any CPU
		{E4E3D133-E335-4437-B85E-89D6738B3FA2}.Release|Mixed Platforms.Build.0 = Release|Any CPU
		{E4E3D133-E335-4437-B85E-89D6738B3FA2}.Release|x86.ActiveCfg = Release|Any CPU
		{B7859AC7-B11D-45A9-AF18-BE0069C17527}.Debug|Any CPU.ActiveCfg = Debug|Any CPU
		{B7859AC7-B11D-45A9-AF18-BE0069C17527}.Debug|Any CPU.Build.0 = Debug|Any CPU
		{B7859AC7-B11D-45A9-AF18-BE0069C17527}.Debug|Mixed Platforms.ActiveCfg = Debug|Any CPU
		{B7859AC7-B11D-45A9-AF18-BE0069C17527}.Debug|Mixed Platforms.Build.0 = Debug|Any CPU
		{B7859AC7-B11D-45A9-AF18-BE0069C17527}.Debug|x86.ActiveCfg = Debug|Any CPU
		{B7859AC7-B11D-45A9-AF18-BE0069C17527}.Release|Any CPU.ActiveCfg = Release|Any CPU
		{B7859AC7-B11D-45A9-AF18-BE0069C17527}.Release|Any CPU.Build.0 = Release|Any CPU
		{B7859AC7-B11D-45A9-AF18-BE0069C17527}.Release|Mixed Platforms.ActiveCfg = Release|Any CPU
		{B7859AC7-B11D-45A9-AF18-BE0069C17527}.Release|Mixed Platforms.Build.0 = Release|Any CPU
		{B7859AC7-B11D-45A9-AF18-BE0069C17527}.Release|x86.ActiveCfg = Release|Any CPU
		{18FEDA0C-D147-4286-B39A-01204808106A}.Debug|Any CPU.ActiveCfg = Debug|Any CPU
		{18FEDA0C-D147-4286-B39A-01204808106A}.Debug|Any CPU.Build.0 = Debug|Any CPU
		{18FEDA0C-D147-4286-B39A-01204808106A}.Debug|Mixed Platforms.ActiveCfg = Debug|Any CPU
		{18FEDA0C-D147-4286-B39A-01204808106A}.Debug|Mixed Platforms.Build.0 = Debug|Any CPU
		{18FEDA0C-D147-4286-B39A-01204808106A}.Debug|x86.ActiveCfg = Debug|Any CPU
		{18FEDA0C-D147-4286-B39A-01204808106A}.Release|Any CPU.ActiveCfg = Release|Any CPU
		{18FEDA0C-D147-4286-B39A-01204808106A}.Release|Any CPU.Build.0 = Release|Any CPU
		{18FEDA0C-D147-4286-B39A-01204808106A}.Release|Mixed Platforms.ActiveCfg = Release|Any CPU
		{18FEDA0C-D147-4286-B39A-01204808106A}.Release|Mixed Platforms.Build.0 = Release|Any CPU
		{18FEDA0C-D147-4286-B39A-01204808106A}.Release|x86.ActiveCfg = Release|Any CPU
		{E580A3F0-6BED-4649-A159-58998CC077F3}.Debug|Any CPU.ActiveCfg = Debug|Any CPU
		{E580A3F0-6BED-4649-A159-58998CC077F3}.Debug|Any CPU.Build.0 = Debug|Any CPU
		{E580A3F0-6BED-4649-A159-58998CC077F3}.Debug|Mixed Platforms.ActiveCfg = Debug|Any CPU
		{E580A3F0-6BED-4649-A159-58998CC077F3}.Debug|Mixed Platforms.Build.0 = Debug|Any CPU
		{E580A3F0-6BED-4649-A159-58998CC077F3}.Debug|x86.ActiveCfg = Debug|Any CPU
		{E580A3F0-6BED-4649-A159-58998CC077F3}.Release|Any CPU.ActiveCfg = Release|Any CPU
		{E580A3F0-6BED-4649-A159-58998CC077F3}.Release|Any CPU.Build.0 = Release|Any CPU
		{E580A3F0-6BED-4649-A159-58998CC077F3}.Release|Mixed Platforms.ActiveCfg = Release|Any CPU
		{E580A3F0-6BED-4649-A159-58998CC077F3}.Release|Mixed Platforms.Build.0 = Release|Any CPU
		{E580A3F0-6BED-4649-A159-58998CC077F3}.Release|x86.ActiveCfg = Release|Any CPU
		{2D18BE89-D210-49EB-A9DD-2246FBB3DF6D}.Debug|Any CPU.ActiveCfg = Debug|Any CPU
		{2D18BE89-D210-49EB-A9DD-2246FBB3DF6D}.Debug|Any CPU.Build.0 = Debug|Any CPU
		{2D18BE89-D210-49EB-A9DD-2246FBB3DF6D}.Debug|Mixed Platforms.ActiveCfg = Debug|Any CPU
		{2D18BE89-D210-49EB-A9DD-2246FBB3DF6D}.Debug|Mixed Platforms.Build.0 = Debug|Any CPU
		{2D18BE89-D210-49EB-A9DD-2246FBB3DF6D}.Debug|x86.ActiveCfg = Debug|Any CPU
		{2D18BE89-D210-49EB-A9DD-2246FBB3DF6D}.Release|Any CPU.ActiveCfg = Release|Any CPU
		{2D18BE89-D210-49EB-A9DD-2246FBB3DF6D}.Release|Any CPU.Build.0 = Release|Any CPU
		{2D18BE89-D210-49EB-A9DD-2246FBB3DF6D}.Release|Mixed Platforms.ActiveCfg = Release|Any CPU
		{2D18BE89-D210-49EB-A9DD-2246FBB3DF6D}.Release|Mixed Platforms.Build.0 = Release|Any CPU
		{2D18BE89-D210-49EB-A9DD-2246FBB3DF6D}.Release|x86.ActiveCfg = Release|Any CPU
		{C4C13969-293D-4DD9-82BB-6A8ACA9D714E}.Debug|Any CPU.ActiveCfg = Debug|Any CPU
		{C4C13969-293D-4DD9-82BB-6A8ACA9D714E}.Debug|Any CPU.Build.0 = Debug|Any CPU
		{C4C13969-293D-4DD9-82BB-6A8ACA9D714E}.Debug|Mixed Platforms.ActiveCfg = Debug|Any CPU
		{C4C13969-293D-4DD9-82BB-6A8ACA9D714E}.Debug|Mixed Platforms.Build.0 = Debug|Any CPU
		{C4C13969-293D-4DD9-82BB-6A8ACA9D714E}.Debug|x86.ActiveCfg = Debug|Any CPU
		{C4C13969-293D-4DD9-82BB-6A8ACA9D714E}.Release|Any CPU.ActiveCfg = Release|Any CPU
		{C4C13969-293D-4DD9-82BB-6A8ACA9D714E}.Release|Any CPU.Build.0 = Release|Any CPU
		{C4C13969-293D-4DD9-82BB-6A8ACA9D714E}.Release|Mixed Platforms.ActiveCfg = Release|Any CPU
		{C4C13969-293D-4DD9-82BB-6A8ACA9D714E}.Release|Mixed Platforms.Build.0 = Release|Any CPU
		{C4C13969-293D-4DD9-82BB-6A8ACA9D714E}.Release|x86.ActiveCfg = Release|Any CPU
		{B1D67537-8C2C-4DE2-8978-D28D1B86FD2C}.Debug|Any CPU.ActiveCfg = Debug|Any CPU
		{B1D67537-8C2C-4DE2-8978-D28D1B86FD2C}.Debug|Any CPU.Build.0 = Debug|Any CPU
		{B1D67537-8C2C-4DE2-8978-D28D1B86FD2C}.Debug|Mixed Platforms.ActiveCfg = Debug|Any CPU
		{B1D67537-8C2C-4DE2-8978-D28D1B86FD2C}.Debug|Mixed Platforms.Build.0 = Debug|Any CPU
		{B1D67537-8C2C-4DE2-8978-D28D1B86FD2C}.Debug|x86.ActiveCfg = Debug|Any CPU
		{B1D67537-8C2C-4DE2-8978-D28D1B86FD2C}.Debug|x86.Build.0 = Debug|Any CPU
		{B1D67537-8C2C-4DE2-8978-D28D1B86FD2C}.Release|Any CPU.ActiveCfg = Release|Any CPU
		{B1D67537-8C2C-4DE2-8978-D28D1B86FD2C}.Release|Any CPU.Build.0 = Release|Any CPU
		{B1D67537-8C2C-4DE2-8978-D28D1B86FD2C}.Release|Mixed Platforms.ActiveCfg = Release|Any CPU
		{B1D67537-8C2C-4DE2-8978-D28D1B86FD2C}.Release|Mixed Platforms.Build.0 = Release|Any CPU
		{B1D67537-8C2C-4DE2-8978-D28D1B86FD2C}.Release|x86.ActiveCfg = Release|Any CPU
		{B1D67537-8C2C-4DE2-8978-D28D1B86FD2C}.Release|x86.Build.0 = Release|Any CPU
		{82541DA4-EE4A-4078-BF05-63B48A8AA51E}.Debug|Any CPU.ActiveCfg = Debug|Any CPU
		{82541DA4-EE4A-4078-BF05-63B48A8AA51E}.Debug|Mixed Platforms.ActiveCfg = Debug|Any CPU
		{82541DA4-EE4A-4078-BF05-63B48A8AA51E}.Debug|x86.ActiveCfg = Debug|Any CPU
		{82541DA4-EE4A-4078-BF05-63B48A8AA51E}.Release|Any CPU.ActiveCfg = Release|Any CPU
		{82541DA4-EE4A-4078-BF05-63B48A8AA51E}.Release|Mixed Platforms.ActiveCfg = Release|Any CPU
		{82541DA4-EE4A-4078-BF05-63B48A8AA51E}.Release|Mixed Platforms.Build.0 = Release|Any CPU
		{82541DA4-EE4A-4078-BF05-63B48A8AA51E}.Release|x86.ActiveCfg = Release|Any CPU
		{5F3ADF2A-7480-4C2B-919A-ABC017B66CFC}.Debug|Any CPU.ActiveCfg = Debug|Any CPU
		{5F3ADF2A-7480-4C2B-919A-ABC017B66CFC}.Debug|Any CPU.Build.0 = Debug|Any CPU
		{5F3ADF2A-7480-4C2B-919A-ABC017B66CFC}.Debug|Mixed Platforms.ActiveCfg = Debug|Any CPU
		{5F3ADF2A-7480-4C2B-919A-ABC017B66CFC}.Debug|Mixed Platforms.Build.0 = Debug|Any CPU
		{5F3ADF2A-7480-4C2B-919A-ABC017B66CFC}.Debug|x86.ActiveCfg = Debug|Any CPU
		{5F3ADF2A-7480-4C2B-919A-ABC017B66CFC}.Debug|x86.Build.0 = Debug|Any CPU
		{5F3ADF2A-7480-4C2B-919A-ABC017B66CFC}.Release|Any CPU.ActiveCfg = Release|Any CPU
		{5F3ADF2A-7480-4C2B-919A-ABC017B66CFC}.Release|Any CPU.Build.0 = Release|Any CPU
		{5F3ADF2A-7480-4C2B-919A-ABC017B66CFC}.Release|Mixed Platforms.ActiveCfg = Release|Any CPU
		{5F3ADF2A-7480-4C2B-919A-ABC017B66CFC}.Release|Mixed Platforms.Build.0 = Release|Any CPU
		{5F3ADF2A-7480-4C2B-919A-ABC017B66CFC}.Release|x86.ActiveCfg = Release|Any CPU
		{5F3ADF2A-7480-4C2B-919A-ABC017B66CFC}.Release|x86.Build.0 = Release|Any CPU
		{A9AE40FF-1A21-414A-9FE7-3BE13644CC6D}.Debug|Any CPU.ActiveCfg = Debug|Any CPU
		{A9AE40FF-1A21-414A-9FE7-3BE13644CC6D}.Debug|Mixed Platforms.ActiveCfg = Debug|Any CPU
		{A9AE40FF-1A21-414A-9FE7-3BE13644CC6D}.Debug|x86.ActiveCfg = Debug|Any CPU
		{A9AE40FF-1A21-414A-9FE7-3BE13644CC6D}.Release|Any CPU.ActiveCfg = Release|Any CPU
		{A9AE40FF-1A21-414A-9FE7-3BE13644CC6D}.Release|Mixed Platforms.ActiveCfg = Release|Any CPU
		{A9AE40FF-1A21-414A-9FE7-3BE13644CC6D}.Release|Mixed Platforms.Build.0 = Release|Any CPU
		{A9AE40FF-1A21-414A-9FE7-3BE13644CC6D}.Release|x86.ActiveCfg = Release|Any CPU
	EndGlobalSection
	GlobalSection(SolutionProperties) = preSolution
		HideSolutionNode = FALSE
	EndGlobalSection
	GlobalSection(Performance) = preSolution
		HasPerformanceSessions = true
	EndGlobalSection
EndGlobal
