
Microsoft Visual Studio Solution File, Format Version 11.00
# Visual Studio 2010
# SharpDevelop 4.4
Project("{2150E333-8FDC-42A3-9474-1A3956D46DE8}") = "Solution Items", "Solution Items", "{B53C4B1A-94D6-46E7-B39B-889D8FED923A}"
	ProjectSection(SolutionItems) = postProject
	EndProjectSection
EndProject
Project("{FAE04EC0-301F-11D3-BF4B-00C04F79EFBC}") = "Sq1.Core", "Sq1.Core\Sq1.Core.csproj", "{DA6545DA-0BA2-4689-8C6F-78C09E2F83D5}"
EndProject
Project("{FAE04EC0-301F-11D3-BF4B-00C04F79EFBC}") = "Sq1.Gui", "Sq1.Gui\Sq1.Gui.csproj", "{B7859AC7-B11D-45A9-AF18-BE0069C17527}"
EndProject
Project("{FAE04EC0-301F-11D3-BF4B-00C04F79EFBC}") = "WinFormsUI", "dockpanelsuite290-master\WinFormsUI\WinFormsUI.csproj", "{E580A3F0-6BED-4649-A159-58998CC077F3}"
EndProject
Project("{FAE04EC0-301F-11D3-BF4B-00C04F79EFBC}") = "DigitalRune.Windows.TextEditor", "DigitalRune-TextEditor-1.3.1\DigitalRune.Windows.TextEditor\DigitalRune.Windows.TextEditor.csproj", "{2D18BE89-D210-49EB-A9DD-2246FBB3DF6D}"
EndProject
Project("{FAE04EC0-301F-11D3-BF4B-00C04F79EFBC}") = "Sq1.Reporters", "Sq1.Reporters\Sq1.Reporters.csproj", "{C4C13969-293D-4DD9-82BB-6A8ACA9D714E}"
EndProject
Project("{FAE04EC0-301F-11D3-BF4B-00C04F79EFBC}") = "Sq1.Charting", "Sq1.Charting\Sq1.Charting.csproj", "{5F3ADF2A-7480-4C2B-919A-ABC017B66CFC}"
EndProject
Project("{FAE04EC0-301F-11D3-BF4B-00C04F79EFBC}") = "Sq1.Strategies.Demo", "Sq1.Strategies.Demo\Sq1.Strategies.Demo.csproj", "{B1D67537-8C2C-4DE2-8978-D28D1B86FD2C}"
EndProject
Project("{FAE04EC0-301F-11D3-BF4B-00C04F79EFBC}") = "Sq1.Widgets", "Sq1.Widgets\Sq1.Widgets.csproj", "{E4E3D133-E335-4437-B85E-89D6738B3FA2}"
EndProject
Project("{FAE04EC0-301F-11D3-BF4B-00C04F79EFBC}") = "CsvHelper35", "CsvHelper261-master\src\CsvHelper35\CsvHelper35.csproj", "{82541DA4-EE4A-4078-BF05-63B48A8AA51E}"
EndProject
Project("{FAE04EC0-301F-11D3-BF4B-00C04F79EFBC}") = "ObjectListView2010", "ObjectListView_280-src\ObjectListView2010.csproj", "{18FEDA0C-D147-4286-B39A-01204808106A}"
EndProject
Project("{FAE04EC0-301F-11D3-BF4B-00C04F79EFBC}") = "Newtonsoft.Json.Net20", "Json6r6-src\Newtonsoft.Json\Newtonsoft.Json.Net20.csproj", "{A9AE40FF-1A21-414A-9FE7-3BE13644CC6D}"
EndProject
Project("{FAE04EC0-301F-11D3-BF4B-00C04F79EFBC}") = "Sq1.Adapters.Quik", "Sq1.Adapters.Quik\Sq1.Adapters.Quik.csproj", "{32CE7489-6617-4157-83A6-2CFDF054CE77}"
EndProject
Project("{FAE04EC0-301F-11D3-BF4B-00C04F79EFBC}") = "Sq1.Adapters.QuikMock", "Sq1.Adapters.QuikMock\Sq1.Adapters.QuikMock.csproj", "{2CB6E9D9-1ABB-4E92-9094-F8395711143B}"
EndProject
Project("{FAE04EC0-301F-11D3-BF4B-00C04F79EFBC}") = "NDde", "NDde.2.01.0563.src\NDde\Source\NDde\NDde.csproj", "{D77772F9-3D3D-40BA-B95F-05C45878078F}"
EndProject
Project("{FAE04EC0-301F-11D3-BF4B-00C04F79EFBC}") = "Sq1.Adapters.QuikLivesim", "Sq1.Adapters.QuickLivesim\Sq1.Adapters.QuikLivesim.csproj", "{8F890999-D27F-45E5-8C41-5D21DC229A57}"
EndProject
Global
	GlobalSection(SolutionConfigurationPlatforms) = preSolution
		Debug|Any CPU = Debug|Any CPU
		Debug|Mixed Platforms = Debug|Mixed Platforms
		Debug|x86 = Debug|x86
		Release|Any CPU = Release|Any CPU
		Release|Mixed Platforms = Release|Mixed Platforms
		Release|x86 = Release|x86
	EndGlobalSection
	GlobalSection(ProjectConfigurationPlatforms) = postSolution
		{DA6545DA-0BA2-4689-8C6F-78C09E2F83D5}.Debug|Any CPU.ActiveCfg = Debug|Any CPU
		{DA6545DA-0BA2-4689-8C6F-78C09E2F83D5}.Debug|Any CPU.Build.0 = Debug|Any CPU
		{DA6545DA-0BA2-4689-8C6F-78C09E2F83D5}.Debug|Mixed Platforms.ActiveCfg = Debug|Any CPU
		{DA6545DA-0BA2-4689-8C6F-78C09E2F83D5}.Debug|Mixed Platforms.Build.0 = Debug|Any CPU
		{DA6545DA-0BA2-4689-8C6F-78C09E2F83D5}.Debug|x86.ActiveCfg = Debug|Any CPU
		{DA6545DA-0BA2-4689-8C6F-78C09E2F83D5}.Release|Any CPU.ActiveCfg = Release|Any CPU
		{DA6545DA-0BA2-4689-8C6F-78C09E2F83D5}.Release|Any CPU.Build.0 = Release|Any CPU
		{DA6545DA-0BA2-4689-8C6F-78C09E2F83D5}.Release|Mixed Platforms.ActiveCfg = Release|Any CPU
		{DA6545DA-0BA2-4689-8C6F-78C09E2F83D5}.Release|Mixed Platforms.Build.0 = Release|Any CPU
		{DA6545DA-0BA2-4689-8C6F-78C09E2F83D5}.Release|x86.ActiveCfg = Release|Any CPU
		{B7859AC7-B11D-45A9-AF18-BE0069C17527}.Debug|Any CPU.ActiveCfg = Debug|Any CPU
		{B7859AC7-B11D-45A9-AF18-BE0069C17527}.Debug|Any CPU.Build.0 = Debug|Any CPU
		{B7859AC7-B11D-45A9-AF18-BE0069C17527}.Debug|Mixed Platforms.ActiveCfg = Debug|Any CPU
		{B7859AC7-B11D-45A9-AF18-BE0069C17527}.Debug|Mixed Platforms.Build.0 = Debug|Any CPU
		{B7859AC7-B11D-45A9-AF18-BE0069C17527}.Debug|x86.ActiveCfg = Debug|Any CPU
		{B7859AC7-B11D-45A9-AF18-BE0069C17527}.Release|Any CPU.ActiveCfg = Release|Any CPU
		{B7859AC7-B11D-45A9-AF18-BE0069C17527}.Release|Any CPU.Build.0 = Release|Any CPU
		{B7859AC7-B11D-45A9-AF18-BE0069C17527}.Release|Mixed Platforms.ActiveCfg = Release|Any CPU
		{B7859AC7-B11D-45A9-AF18-BE0069C17527}.Release|Mixed Platforms.Build.0 = Release|Any CPU
		{B7859AC7-B11D-45A9-AF18-BE0069C17527}.Release|x86.ActiveCfg = Release|Any CPU
		{E580A3F0-6BED-4649-A159-58998CC077F3}.Debug|Any CPU.ActiveCfg = Debug|Any CPU
		{E580A3F0-6BED-4649-A159-58998CC077F3}.Debug|Any CPU.Build.0 = Debug|Any CPU
		{E580A3F0-6BED-4649-A159-58998CC077F3}.Debug|Mixed Platforms.ActiveCfg = Debug|Any CPU
		{E580A3F0-6BED-4649-A159-58998CC077F3}.Debug|Mixed Platforms.Build.0 = Debug|Any CPU
		{E580A3F0-6BED-4649-A159-58998CC077F3}.Debug|x86.ActiveCfg = Debug|Any CPU
		{E580A3F0-6BED-4649-A159-58998CC077F3}.Release|Any CPU.ActiveCfg = Release|Any CPU
		{E580A3F0-6BED-4649-A159-58998CC077F3}.Release|Any CPU.Build.0 = Release|Any CPU
		{E580A3F0-6BED-4649-A159-58998CC077F3}.Release|Mixed Platforms.ActiveCfg = Release|Any CPU
		{E580A3F0-6BED-4649-A159-58998CC077F3}.Release|Mixed Platforms.Build.0 = Release|Any CPU
		{E580A3F0-6BED-4649-A159-58998CC077F3}.Release|x86.ActiveCfg = Release|Any CPU
		{2D18BE89-D210-49EB-A9DD-2246FBB3DF6D}.Debug|Any CPU.ActiveCfg = Debug|Any CPU
		{2D18BE89-D210-49EB-A9DD-2246FBB3DF6D}.Debug|Any CPU.Build.0 = Debug|Any CPU
		{2D18BE89-D210-49EB-A9DD-2246FBB3DF6D}.Debug|Mixed Platforms.ActiveCfg = Debug|Any CPU
		{2D18BE89-D210-49EB-A9DD-2246FBB3DF6D}.Debug|Mixed Platforms.Build.0 = Debug|Any CPU
		{2D18BE89-D210-49EB-A9DD-2246FBB3DF6D}.Debug|x86.ActiveCfg = Debug|Any CPU
		{2D18BE89-D210-49EB-A9DD-2246FBB3DF6D}.Release|Any CPU.ActiveCfg = Release|Any CPU
		{2D18BE89-D210-49EB-A9DD-2246FBB3DF6D}.Release|Any CPU.Build.0 = Release|Any CPU
		{2D18BE89-D210-49EB-A9DD-2246FBB3DF6D}.Release|Mixed Platforms.ActiveCfg = Release|Any CPU
		{2D18BE89-D210-49EB-A9DD-2246FBB3DF6D}.Release|Mixed Platforms.Build.0 = Release|Any CPU
		{2D18BE89-D210-49EB-A9DD-2246FBB3DF6D}.Release|x86.ActiveCfg = Release|Any CPU
		{C4C13969-293D-4DD9-82BB-6A8ACA9D714E}.Debug|Any CPU.ActiveCfg = Debug|Any CPU
		{C4C13969-293D-4DD9-82BB-6A8ACA9D714E}.Debug|Any CPU.Build.0 = Debug|Any CPU
		{C4C13969-293D-4DD9-82BB-6A8ACA9D714E}.Debug|Mixed Platforms.ActiveCfg = Debug|Any CPU
		{C4C13969-293D-4DD9-82BB-6A8ACA9D714E}.Debug|Mixed Platforms.Build.0 = Debug|Any CPU
		{C4C13969-293D-4DD9-82BB-6A8ACA9D714E}.Debug|x86.ActiveCfg = Debug|Any CPU
		{C4C13969-293D-4DD9-82BB-6A8ACA9D714E}.Release|Any CPU.ActiveCfg = Release|Any CPU
		{C4C13969-293D-4DD9-82BB-6A8ACA9D714E}.Release|Any CPU.Build.0 = Release|Any CPU
		{C4C13969-293D-4DD9-82BB-6A8ACA9D714E}.Release|Mixed Platforms.ActiveCfg = Release|Any CPU
		{C4C13969-293D-4DD9-82BB-6A8ACA9D714E}.Release|Mixed Platforms.Build.0 = Release|Any CPU
		{C4C13969-293D-4DD9-82BB-6A8ACA9D714E}.Release|x86.ActiveCfg = Release|Any CPU
		{5F3ADF2A-7480-4C2B-919A-ABC017B66CFC}.Debug|Any CPU.ActiveCfg = Debug|Any CPU
		{5F3ADF2A-7480-4C2B-919A-ABC017B66CFC}.Debug|Any CPU.Build.0 = Debug|Any CPU
		{5F3ADF2A-7480-4C2B-919A-ABC017B66CFC}.Debug|Mixed Platforms.ActiveCfg = Debug|Any CPU
		{5F3ADF2A-7480-4C2B-919A-ABC017B66CFC}.Debug|Mixed Platforms.Build.0 = Debug|Any CPU
		{5F3ADF2A-7480-4C2B-919A-ABC017B66CFC}.Debug|x86.ActiveCfg = Debug|Any CPU
		{5F3ADF2A-7480-4C2B-919A-ABC017B66CFC}.Debug|x86.Build.0 = Debug|Any CPU
		{5F3ADF2A-7480-4C2B-919A-ABC017B66CFC}.Release|Any CPU.ActiveCfg = Release|Any CPU
		{5F3ADF2A-7480-4C2B-919A-ABC017B66CFC}.Release|Any CPU.Build.0 = Release|Any CPU
		{5F3ADF2A-7480-4C2B-919A-ABC017B66CFC}.Release|Mixed Platforms.ActiveCfg = Release|Any CPU
		{5F3ADF2A-7480-4C2B-919A-ABC017B66CFC}.Release|Mixed Platforms.Build.0 = Release|Any CPU
		{5F3ADF2A-7480-4C2B-919A-ABC017B66CFC}.Release|x86.ActiveCfg = Release|Any CPU
		{5F3ADF2A-7480-4C2B-919A-ABC017B66CFC}.Release|x86.Build.0 = Release|Any CPU
		{B1D67537-8C2C-4DE2-8978-D28D1B86FD2C}.Debug|Any CPU.ActiveCfg = Debug|Any CPU
		{B1D67537-8C2C-4DE2-8978-D28D1B86FD2C}.Debug|Any CPU.Build.0 = Debug|Any CPU
		{B1D67537-8C2C-4DE2-8978-D28D1B86FD2C}.Debug|Mixed Platforms.ActiveCfg = Debug|Any CPU
		{B1D67537-8C2C-4DE2-8978-D28D1B86FD2C}.Debug|Mixed Platforms.Build.0 = Debug|Any CPU
		{B1D67537-8C2C-4DE2-8978-D28D1B86FD2C}.Debug|x86.ActiveCfg = Debug|Any CPU
		{B1D67537-8C2C-4DE2-8978-D28D1B86FD2C}.Debug|x86.Build.0 = Debug|Any CPU
		{B1D67537-8C2C-4DE2-8978-D28D1B86FD2C}.Release|Any CPU.ActiveCfg = Release|Any CPU
		{B1D67537-8C2C-4DE2-8978-D28D1B86FD2C}.Release|Any CPU.Build.0 = Release|Any CPU
		{B1D67537-8C2C-4DE2-8978-D28D1B86FD2C}.Release|Mixed Platforms.ActiveCfg = Release|Any CPU
		{B1D67537-8C2C-4DE2-8978-D28D1B86FD2C}.Release|Mixed Platforms.Build.0 = Release|Any CPU
		{B1D67537-8C2C-4DE2-8978-D28D1B86FD2C}.Release|x86.ActiveCfg = Release|Any CPU
		{B1D67537-8C2C-4DE2-8978-D28D1B86FD2C}.Release|x86.Build.0 = Release|Any CPU
		{E4E3D133-E335-4437-B85E-89D6738B3FA2}.Debug|Any CPU.ActiveCfg = Debug|Any CPU
		{E4E3D133-E335-4437-B85E-89D6738B3FA2}.Debug|Any CPU.Build.0 = Debug|Any CPU
		{E4E3D133-E335-4437-B85E-89D6738B3FA2}.Debug|Mixed Platforms.ActiveCfg = Debug|Any CPU
		{E4E3D133-E335-4437-B85E-89D6738B3FA2}.Debug|Mixed Platforms.Build.0 = Debug|Any CPU
		{E4E3D133-E335-4437-B85E-89D6738B3FA2}.Debug|x86.ActiveCfg = Debug|Any CPU
		{E4E3D133-E335-4437-B85E-89D6738B3FA2}.Debug|x86.Build.0 = Debug|Any CPU
		{E4E3D133-E335-4437-B85E-89D6738B3FA2}.Release|Any CPU.ActiveCfg = Release|Any CPU
		{E4E3D133-E335-4437-B85E-89D6738B3FA2}.Release|Any CPU.Build.0 = Release|Any CPU
		{E4E3D133-E335-4437-B85E-89D6738B3FA2}.Release|Mixed Platforms.ActiveCfg = Release|Any CPU
		{E4E3D133-E335-4437-B85E-89D6738B3FA2}.Release|Mixed Platforms.Build.0 = Release|Any CPU
		{E4E3D133-E335-4437-B85E-89D6738B3FA2}.Release|x86.ActiveCfg = Release|Any CPU
		{E4E3D133-E335-4437-B85E-89D6738B3FA2}.Release|x86.Build.0 = Release|Any CPU
		{82541DA4-EE4A-4078-BF05-63B48A8AA51E}.Debug|Any CPU.ActiveCfg = Debug|Any CPU
		{82541DA4-EE4A-4078-BF05-63B48A8AA51E}.Debug|Any CPU.Build.0 = Debug|Any CPU
		{82541DA4-EE4A-4078-BF05-63B48A8AA51E}.Debug|Mixed Platforms.ActiveCfg = Debug|Any CPU
		{82541DA4-EE4A-4078-BF05-63B48A8AA51E}.Debug|Mixed Platforms.Build.0 = Debug|Any CPU
		{82541DA4-EE4A-4078-BF05-63B48A8AA51E}.Debug|x86.ActiveCfg = Debug|Any CPU
		{82541DA4-EE4A-4078-BF05-63B48A8AA51E}.Release|Any CPU.ActiveCfg = Release|Any CPU
		{82541DA4-EE4A-4078-BF05-63B48A8AA51E}.Release|Any CPU.Build.0 = Release|Any CPU
		{82541DA4-EE4A-4078-BF05-63B48A8AA51E}.Release|Mixed Platforms.ActiveCfg = Release|Any CPU
		{82541DA4-EE4A-4078-BF05-63B48A8AA51E}.Release|Mixed Platforms.Build.0 = Release|Any CPU
		{82541DA4-EE4A-4078-BF05-63B48A8AA51E}.Release|x86.ActiveCfg = Release|Any CPU
		{18FEDA0C-D147-4286-B39A-01204808106A}.Debug|Any CPU.ActiveCfg = Debug|Any CPU
		{18FEDA0C-D147-4286-B39A-01204808106A}.Debug|Any CPU.Build.0 = Debug|Any CPU
		{18FEDA0C-D147-4286-B39A-01204808106A}.Debug|Mixed Platforms.ActiveCfg = Debug|Any CPU
		{18FEDA0C-D147-4286-B39A-01204808106A}.Debug|Mixed Platforms.Build.0 = Debug|Any CPU
		{18FEDA0C-D147-4286-B39A-01204808106A}.Debug|x86.ActiveCfg = Debug|Any CPU
		{18FEDA0C-D147-4286-B39A-01204808106A}.Debug|x86.Build.0 = Debug|Any CPU
		{18FEDA0C-D147-4286-B39A-01204808106A}.Release|Any CPU.ActiveCfg = Release|Any CPU
		{18FEDA0C-D147-4286-B39A-01204808106A}.Release|Any CPU.Build.0 = Release|Any CPU
		{18FEDA0C-D147-4286-B39A-01204808106A}.Release|Mixed Platforms.ActiveCfg = Release|Any CPU
		{18FEDA0C-D147-4286-B39A-01204808106A}.Release|Mixed Platforms.Build.0 = Release|Any CPU
		{18FEDA0C-D147-4286-B39A-01204808106A}.Release|x86.ActiveCfg = Release|Any CPU
		{18FEDA0C-D147-4286-B39A-01204808106A}.Release|x86.Build.0 = Release|Any CPU
		{A9AE40FF-1A21-414A-9FE7-3BE13644CC6D}.Debug|Any CPU.ActiveCfg = Debug|Any CPU
		{A9AE40FF-1A21-414A-9FE7-3BE13644CC6D}.Debug|Any CPU.Build.0 = Debug|Any CPU
		{A9AE40FF-1A21-414A-9FE7-3BE13644CC6D}.Debug|Mixed Platforms.ActiveCfg = Debug|Any CPU
		{A9AE40FF-1A21-414A-9FE7-3BE13644CC6D}.Debug|Mixed Platforms.Build.0 = Debug|Any CPU
		{A9AE40FF-1A21-414A-9FE7-3BE13644CC6D}.Debug|x86.ActiveCfg = Debug|Any CPU
		{A9AE40FF-1A21-414A-9FE7-3BE13644CC6D}.Debug|x86.Build.0 = Debug|Any CPU
		{A9AE40FF-1A21-414A-9FE7-3BE13644CC6D}.Release|Any CPU.ActiveCfg = Release|Any CPU
		{A9AE40FF-1A21-414A-9FE7-3BE13644CC6D}.Release|Any CPU.Build.0 = Release|Any CPU
		{A9AE40FF-1A21-414A-9FE7-3BE13644CC6D}.Release|Mixed Platforms.ActiveCfg = Release|Any CPU
		{A9AE40FF-1A21-414A-9FE7-3BE13644CC6D}.Release|Mixed Platforms.Build.0 = Release|Any CPU
		{A9AE40FF-1A21-414A-9FE7-3BE13644CC6D}.Release|x86.ActiveCfg = Release|Any CPU
		{A9AE40FF-1A21-414A-9FE7-3BE13644CC6D}.Release|x86.Build.0 = Release|Any CPU
		{32CE7489-6617-4157-83A6-2CFDF054CE77}.Debug|Any CPU.ActiveCfg = Debug|Any CPU
		{32CE7489-6617-4157-83A6-2CFDF054CE77}.Debug|Any CPU.Build.0 = Debug|Any CPU
		{32CE7489-6617-4157-83A6-2CFDF054CE77}.Debug|Mixed Platforms.ActiveCfg = Debug|Any CPU
		{32CE7489-6617-4157-83A6-2CFDF054CE77}.Debug|Mixed Platforms.Build.0 = Debug|Any CPU
		{32CE7489-6617-4157-83A6-2CFDF054CE77}.Debug|x86.ActiveCfg = Debug|Any CPU
		{32CE7489-6617-4157-83A6-2CFDF054CE77}.Release|Any CPU.ActiveCfg = Release|Any CPU
		{32CE7489-6617-4157-83A6-2CFDF054CE77}.Release|Any CPU.Build.0 = Release|Any CPU
		{32CE7489-6617-4157-83A6-2CFDF054CE77}.Release|Mixed Platforms.ActiveCfg = Release|Any CPU
		{32CE7489-6617-4157-83A6-2CFDF054CE77}.Release|Mixed Platforms.Build.0 = Release|Any CPU
		{32CE7489-6617-4157-83A6-2CFDF054CE77}.Release|x86.ActiveCfg = Release|Any CPU
		{2CB6E9D9-1ABB-4E92-9094-F8395711143B}.Debug|Any CPU.ActiveCfg = Debug|Any CPU
		{2CB6E9D9-1ABB-4E92-9094-F8395711143B}.Debug|Any CPU.Build.0 = Debug|Any CPU
		{2CB6E9D9-1ABB-4E92-9094-F8395711143B}.Debug|Mixed Platforms.ActiveCfg = Debug|Any CPU
		{2CB6E9D9-1ABB-4E92-9094-F8395711143B}.Debug|Mixed Platforms.Build.0 = Debug|Any CPU
		{2CB6E9D9-1ABB-4E92-9094-F8395711143B}.Debug|x86.ActiveCfg = Debug|Any CPU
		{2CB6E9D9-1ABB-4E92-9094-F8395711143B}.Release|Any CPU.ActiveCfg = Release|Any CPU
		{2CB6E9D9-1ABB-4E92-9094-F8395711143B}.Release|Any CPU.Build.0 = Release|Any CPU
		{2CB6E9D9-1ABB-4E92-9094-F8395711143B}.Release|Mixed Platforms.ActiveCfg = Release|Any CPU
		{2CB6E9D9-1ABB-4E92-9094-F8395711143B}.Release|Mixed Platforms.Build.0 = Release|Any CPU
		{2CB6E9D9-1ABB-4E92-9094-F8395711143B}.Release|x86.ActiveCfg = Release|Any CPU
		{D77772F9-3D3D-40BA-B95F-05C45878078F}.Debug|Any CPU.ActiveCfg = Debug|Any CPU
		{D77772F9-3D3D-40BA-B95F-05C45878078F}.Debug|Any CPU.Build.0 = Debug|Any CPU
		{D77772F9-3D3D-40BA-B95F-05C45878078F}.Debug|Mixed Platforms.ActiveCfg = Debug|Any CPU
		{D77772F9-3D3D-40BA-B95F-05C45878078F}.Debug|Mixed Platforms.Build.0 = Debug|Any CPU
		{D77772F9-3D3D-40BA-B95F-05C45878078F}.Debug|x86.ActiveCfg = Debug|Any CPU
		{D77772F9-3D3D-40BA-B95F-05C45878078F}.Release|Any CPU.ActiveCfg = Release|Any CPU
		{D77772F9-3D3D-40BA-B95F-05C45878078F}.Release|Any CPU.Build.0 = Release|Any CPU
		{D77772F9-3D3D-40BA-B95F-05C45878078F}.Release|Mixed Platforms.ActiveCfg = Release|Any CPU
		{D77772F9-3D3D-40BA-B95F-05C45878078F}.Release|Mixed Platforms.Build.0 = Release|Any CPU
		{D77772F9-3D3D-40BA-B95F-05C45878078F}.Release|x86.ActiveCfg = Release|Any CPU
		{8F890999-D27F-45E5-8C41-5D21DC229A57}.Debug|Any CPU.ActiveCfg = Debug|Any CPU
		{8F890999-D27F-45E5-8C41-5D21DC229A57}.Debug|Any CPU.Build.0 = Debug|Any CPU
		{8F890999-D27F-45E5-8C41-5D21DC229A57}.Debug|Mixed Platforms.ActiveCfg = Debug|Any CPU
		{8F890999-D27F-45E5-8C41-5D21DC229A57}.Debug|Mixed Platforms.Build.0 = Debug|Any CPU
		{8F890999-D27F-45E5-8C41-5D21DC229A57}.Debug|x86.ActiveCfg = Debug|Any CPU
		{8F890999-D27F-45E5-8C41-5D21DC229A57}.Release|Any CPU.ActiveCfg = Release|Any CPU
		{8F890999-D27F-45E5-8C41-5D21DC229A57}.Release|Any CPU.Build.0 = Release|Any CPU
		{8F890999-D27F-45E5-8C41-5D21DC229A57}.Release|Mixed Platforms.ActiveCfg = Release|Any CPU
		{8F890999-D27F-45E5-8C41-5D21DC229A57}.Release|Mixed Platforms.Build.0 = Release|Any CPU
		{8F890999-D27F-45E5-8C41-5D21DC229A57}.Release|x86.ActiveCfg = Release|Any CPU
	EndGlobalSection
	GlobalSection(SolutionProperties) = preSolution
		HideSolutionNode = FALSE
	EndGlobalSection
	GlobalSection(MonoDevelopProperties) = preSolution
		StartupItem = Sq1.Gui\Sq1.Gui.csproj
		Policies = $0
		$0.TextStylePolicy = $1
		$1.inheritsSet = null
		$1.scope = text/x-csharp
		$0.CSharpFormattingPolicy = $2
		$2.IndentSwitchBody = True
		$2.IndentBlocksInsideExpressions = True
		$2.NamespaceBraceStyle = EndOfLine
		$2.ClassBraceStyle = EndOfLine
		$2.InterfaceBraceStyle = EndOfLine
		$2.StructBraceStyle = EndOfLine
		$2.EnumBraceStyle = EndOfLine
		$2.MethodBraceStyle = EndOfLine
		$2.ConstructorBraceStyle = EndOfLine
		$2.DestructorBraceStyle = EndOfLine
		$2.EmbeddedStatementPlacement = DoNotCare
		$2.BeforeMethodDeclarationParentheses = False
		$2.BeforeMethodCallParentheses = False
		$2.BeforeConstructorDeclarationParentheses = False
		$2.NewLineBeforeConstructorInitializerColon = SameLine
		$2.BeforeDelegateDeclarationParentheses = False
		$2.NewParentheses = False
		$2.SpacesBeforeBrackets = False
		$2.inheritsSet = Mono
		$2.inheritsScope = text/x-csharp
		$2.scope = text/x-csharp
	EndGlobalSection
	GlobalSection(Performance) = preSolution
		HasPerformanceSessions = true
	EndGlobalSection
EndGlobal
